
Microsoft Visual Studio Solution File, Format Version 12.00
# Visual Studio Version 17
VisualStudioVersion = 17.8.34511.84
MinimumVisualStudioVersion = 10.0.40219.1
Project("{FAE04EC0-301F-11D3-BF4B-00C04F79EFBC}") = "BE-U1-W1-D3-Esercitazione", "BE-U1-W1-D3-Esercitazione\BE-U1-W1-D3-Esercitazione.csproj", "{A3D8ECEF-1132-4B6D-8F24-BC542AE859CE}"
EndProject
Global
	GlobalSection(SolutionConfigurationPlatforms) = preSolution
		Debug|Any CPU = Debug|Any CPU
		Release|Any CPU = Release|Any CPU
	EndGlobalSection
	GlobalSection(ProjectConfigurationPlatforms) = postSolution
		{A3D8ECEF-1132-4B6D-8F24-BC542AE859CE}.Debug|Any CPU.ActiveCfg = Debug|Any CPU
		{A3D8ECEF-1132-4B6D-8F24-BC542AE859CE}.Debug|Any CPU.Build.0 = Debug|Any CPU
		{A3D8ECEF-1132-4B6D-8F24-BC542AE859CE}.Release|Any CPU.ActiveCfg = Release|Any CPU
		{A3D8ECEF-1132-4B6D-8F24-BC542AE859CE}.Release|Any CPU.Build.0 = Release|Any CPU
	EndGlobalSection
	GlobalSection(SolutionProperties) = preSolution
		HideSolutionNode = FALSE
	EndGlobalSection
	GlobalSection(ExtensibilityGlobals) = postSolution
		SolutionGuid = {E87E6EB6-205E-416B-83C0-DFBD90ED067B}
	EndGlobalSection
EndGlobal
